
Microsoft Visual Studio Solution File, Format Version 12.00
# Visual Studio Version 16
VisualStudioVersion = 16.0.29411.108
MinimumVisualStudioVersion = 10.0.40219.1
Project("{8BC9CEB8-8B4A-11D0-8D11-00A0C91BC942}") = "SpotifyToMp3", "SpotifyToMp3\SpotifyToMp3.vcxproj", "{1B42D68A-36DD-4712-A4C8-D0F544766671}"
EndProject
Global
	GlobalSection(SolutionConfigurationPlatforms) = preSolution
		Debug|x64 = Debug|x64
		Debug|x86 = Debug|x86
		Release|x64 = Release|x64
		Release|x86 = Release|x86
	EndGlobalSection
	GlobalSection(ProjectConfigurationPlatforms) = postSolution
		{1B42D68A-36DD-4712-A4C8-D0F544766671}.Debug|x64.ActiveCfg = Debug|x64
		{1B42D68A-36DD-4712-A4C8-D0F544766671}.Debug|x64.Build.0 = Debug|x64
		{1B42D68A-36DD-4712-A4C8-D0F544766671}.Debug|x86.ActiveCfg = Debug|Win32
		{1B42D68A-36DD-4712-A4C8-D0F544766671}.Debug|x86.Build.0 = Debug|Win32
		{1B42D68A-36DD-4712-A4C8-D0F544766671}.Release|x64.ActiveCfg = Release|x64
		{1B42D68A-36DD-4712-A4C8-D0F544766671}.Release|x64.Build.0 = Release|x64
		{1B42D68A-36DD-4712-A4C8-D0F544766671}.Release|x86.ActiveCfg = Release|Win32
		{1B42D68A-36DD-4712-A4C8-D0F544766671}.Release|x86.Build.0 = Release|Win32
	EndGlobalSection
	GlobalSection(SolutionProperties) = preSolution
		HideSolutionNode = FALSE
	EndGlobalSection
	GlobalSection(ExtensibilityGlobals) = postSolution
		SolutionGuid = {100B9C3A-9C09-4D6A-B61D-9F74041C7F7D}
	EndGlobalSection
EndGlobal
